
Microsoft Visual Studio Solution File, Format Version 12.00
Project("{FAE04EC0-301F-11D3-BF4B-00C04F79EFBC}") = "UniversityDataWarehouse.WPF", "UniversityDataWarehouse.WPF\UniversityDataWarehouse.WPF.csproj", "{96FA92FA-5CD3-40CD-BF19-D3039C5B92A4}"
EndProject
Project("{FAE04EC0-301F-11D3-BF4B-00C04F79EFBC}") = "UniversityDataWarehouse.Services", "UniversityDataWarehouse.Services\UniversityDataWarehouse.Services.csproj", "{83727F28-5D39-4D79-A3E8-8D4B97D60035}"
EndProject
Project("{FAE04EC0-301F-11D3-BF4B-00C04F79EFBC}") = "UniversityDataWarehouse.Models", "UniversityDataWarehouse.Models\UniversityDataWarehouse.Models.csproj", "{B3B17C78-5451-4D1F-9C09-BBA40E44344C}"
EndProject
Project("{FAE04EC0-301F-11D3-BF4B-00C04F79EFBC}") = "UniversityDataWarehouse.Repositories", "UniversityDataWarehouse.Repositories\UniversityDataWarehouse.Repositories.csproj", "{DE65B088-3C04-47B3-8BDA-7AB1B929B4D8}"
EndProject
Global
	GlobalSection(SolutionConfigurationPlatforms) = preSolution
		Debug|Any CPU = Debug|Any CPU
		Release|Any CPU = Release|Any CPU
	EndGlobalSection
	GlobalSection(ProjectConfigurationPlatforms) = postSolution
		{96FA92FA-5CD3-40CD-BF19-D3039C5B92A4}.Debug|Any CPU.ActiveCfg = Debug|Any CPU
		{96FA92FA-5CD3-40CD-BF19-D3039C5B92A4}.Debug|Any CPU.Build.0 = Debug|Any CPU
		{96FA92FA-5CD3-40CD-BF19-D3039C5B92A4}.Release|Any CPU.ActiveCfg = Release|Any CPU
		{96FA92FA-5CD3-40CD-BF19-D3039C5B92A4}.Release|Any CPU.Build.0 = Release|Any CPU
		{83727F28-5D39-4D79-A3E8-8D4B97D60035}.Debug|Any CPU.ActiveCfg = Debug|Any CPU
		{83727F28-5D39-4D79-A3E8-8D4B97D60035}.Debug|Any CPU.Build.0 = Debug|Any CPU
		{83727F28-5D39-4D79-A3E8-8D4B97D60035}.Release|Any CPU.ActiveCfg = Release|Any CPU
		{83727F28-5D39-4D79-A3E8-8D4B97D60035}.Release|Any CPU.Build.0 = Release|Any CPU
		{B3B17C78-5451-4D1F-9C09-BBA40E44344C}.Debug|Any CPU.ActiveCfg = Debug|Any CPU
		{B3B17C78-5451-4D1F-9C09-BBA40E44344C}.Debug|Any CPU.Build.0 = Debug|Any CPU
		{B3B17C78-5451-4D1F-9C09-BBA40E44344C}.Release|Any CPU.ActiveCfg = Release|Any CPU
		{B3B17C78-5451-4D1F-9C09-BBA40E44344C}.Release|Any CPU.Build.0 = Release|Any CPU
		{DE65B088-3C04-47B3-8BDA-7AB1B929B4D8}.Debug|Any CPU.ActiveCfg = Debug|Any CPU
		{DE65B088-3C04-47B3-8BDA-7AB1B929B4D8}.Debug|Any CPU.Build.0 = Debug|Any CPU
		{DE65B088-3C04-47B3-8BDA-7AB1B929B4D8}.Release|Any CPU.ActiveCfg = Release|Any CPU
		{DE65B088-3C04-47B3-8BDA-7AB1B929B4D8}.Release|Any CPU.Build.0 = Release|Any CPU
	EndGlobalSection
EndGlobal
