
Microsoft Visual Studio Solution File, Format Version 12.00
Project("{FAE04EC0-301F-11D3-BF4B-00C04F79EFBC}") = "UniversityDataWarehouse.WPF", "UniversityDataWarehouse.WPF\UniversityDataWarehouse.WPF.csproj", "{96FA92FA-5CD3-40CD-BF19-D3039C5B92A4}"
EndProject
Project("{FAE04EC0-301F-11D3-BF4B-00C04F79EFBC}") = "UniversityDataWarehouse.Services", "UniversityDataWarehouse.Services\UniversityDataWarehouse.Services.csproj", "{83727F28-5D39-4D79-A3E8-8D4B97D60035}"
EndProject
Project("{FAE04EC0-301F-11D3-BF4B-00C04F79EFBC}") = "UniversityDataWarehouse.Models", "UniversityDataWarehouse.Models\UniversityDataWarehouse.Models.csproj", "{B3B17C78-5451-4D1F-9C09-BBA40E44344C}"
EndProject
Project("{FAE04EC0-301F-11D3-BF4B-00C04F79EFBC}") = "UniversityDataWarehouse.Data", "UniversityDataWarehouse.Data\UniversityDataWarehouse.Data.csproj", "{1093390A-13A6-4655-B859-2F108AA597DF}"
EndProject
Project("{FAE04EC0-301F-11D3-BF4B-00C04F79EFBC}") = "UniversityDataWarehouse.Extensions", "UniversityDataWarehouse.Extensions\UniversityDataWarehouse.Extensions.csproj", "{44E2C448-84C1-4BF8-B9EA-4B7F65DED662}"
EndProject
Project("{FAE04EC0-301F-11D3-BF4B-00C04F79EFBC}") = "UniversityDataWarehouse.Apps.Wpf", "UniversityDataWarehouse.Apps.Wpf\UniversityDataWarehouse.Apps.Wpf.csproj", "{BBA42B6B-2A8A-4C60-87FA-86610221ED5B}"
EndProject
Global
	GlobalSection(SolutionConfigurationPlatforms) = preSolution
		Debug|Any CPU = Debug|Any CPU
		Release|Any CPU = Release|Any CPU
	EndGlobalSection
	GlobalSection(ProjectConfigurationPlatforms) = postSolution
		{96FA92FA-5CD3-40CD-BF19-D3039C5B92A4}.Debug|Any CPU.ActiveCfg = Debug|Any CPU
		{96FA92FA-5CD3-40CD-BF19-D3039C5B92A4}.Debug|Any CPU.Build.0 = Debug|Any CPU
		{96FA92FA-5CD3-40CD-BF19-D3039C5B92A4}.Release|Any CPU.ActiveCfg = Release|Any CPU
		{96FA92FA-5CD3-40CD-BF19-D3039C5B92A4}.Release|Any CPU.Build.0 = Release|Any CPU
		{83727F28-5D39-4D79-A3E8-8D4B97D60035}.Debug|Any CPU.ActiveCfg = Debug|Any CPU
		{83727F28-5D39-4D79-A3E8-8D4B97D60035}.Debug|Any CPU.Build.0 = Debug|Any CPU
		{83727F28-5D39-4D79-A3E8-8D4B97D60035}.Release|Any CPU.ActiveCfg = Release|Any CPU
		{83727F28-5D39-4D79-A3E8-8D4B97D60035}.Release|Any CPU.Build.0 = Release|Any CPU
		{B3B17C78-5451-4D1F-9C09-BBA40E44344C}.Debug|Any CPU.ActiveCfg = Debug|Any CPU
		{B3B17C78-5451-4D1F-9C09-BBA40E44344C}.Debug|Any CPU.Build.0 = Debug|Any CPU
		{B3B17C78-5451-4D1F-9C09-BBA40E44344C}.Release|Any CPU.ActiveCfg = Release|Any CPU
		{B3B17C78-5451-4D1F-9C09-BBA40E44344C}.Release|Any CPU.Build.0 = Release|Any CPU
		{1093390A-13A6-4655-B859-2F108AA597DF}.Debug|Any CPU.ActiveCfg = Debug|Any CPU
		{1093390A-13A6-4655-B859-2F108AA597DF}.Debug|Any CPU.Build.0 = Debug|Any CPU
		{1093390A-13A6-4655-B859-2F108AA597DF}.Release|Any CPU.ActiveCfg = Release|Any CPU
		{1093390A-13A6-4655-B859-2F108AA597DF}.Release|Any CPU.Build.0 = Release|Any CPU
		{44E2C448-84C1-4BF8-B9EA-4B7F65DED662}.Debug|Any CPU.ActiveCfg = Debug|Any CPU
		{44E2C448-84C1-4BF8-B9EA-4B7F65DED662}.Debug|Any CPU.Build.0 = Debug|Any CPU
		{44E2C448-84C1-4BF8-B9EA-4B7F65DED662}.Release|Any CPU.ActiveCfg = Release|Any CPU
		{44E2C448-84C1-4BF8-B9EA-4B7F65DED662}.Release|Any CPU.Build.0 = Release|Any CPU
		{BBA42B6B-2A8A-4C60-87FA-86610221ED5B}.Debug|Any CPU.ActiveCfg = Debug|Any CPU
		{BBA42B6B-2A8A-4C60-87FA-86610221ED5B}.Debug|Any CPU.Build.0 = Debug|Any CPU
		{BBA42B6B-2A8A-4C60-87FA-86610221ED5B}.Release|Any CPU.ActiveCfg = Release|Any CPU
		{BBA42B6B-2A8A-4C60-87FA-86610221ED5B}.Release|Any CPU.Build.0 = Release|Any CPU
	EndGlobalSection
EndGlobal
